
Microsoft Visual Studio Solution File, Format Version 12.00
# Visual Studio Version 16
VisualStudioVersion = 16.0.31019.35
MinimumVisualStudioVersion = 10.0.40219.1
Project("{FAE04EC0-301F-11D3-BF4B-00C04F79EFBC}") = "BTLQLKH", "BTLQLKH\BTLQLKH.csproj", "{9BAFE911-3B11-47CD-A82E-1FF79D26B92D}"
EndProject
Global
	GlobalSection(SolutionConfigurationPlatforms) = preSolution
		Debug|Any CPU = Debug|Any CPU
		Release|Any CPU = Release|Any CPU
	EndGlobalSection
	GlobalSection(ProjectConfigurationPlatforms) = postSolution
		{9BAFE911-3B11-47CD-A82E-1FF79D26B92D}.Debug|Any CPU.ActiveCfg = Debug|Any CPU
		{9BAFE911-3B11-47CD-A82E-1FF79D26B92D}.Debug|Any CPU.Build.0 = Debug|Any CPU
		{9BAFE911-3B11-47CD-A82E-1FF79D26B92D}.Release|Any CPU.ActiveCfg = Release|Any CPU
		{9BAFE911-3B11-47CD-A82E-1FF79D26B92D}.Release|Any CPU.Build.0 = Release|Any CPU
	EndGlobalSection
	GlobalSection(SolutionProperties) = preSolution
		HideSolutionNode = FALSE
	EndGlobalSection
	GlobalSection(ExtensibilityGlobals) = postSolution
		SolutionGuid = {6DEC2E2B-D6E9-4EFC-9B6A-34F84DFDB1B2}
	EndGlobalSection
EndGlobal
